{
  "name": "browser-extension",
  "lockfileVersion": 3,
  "requires": true,
  "packages": {
    "": {
      "dependencies": {
        "chrome-types": "^0.1.353"
      }
    },
    "node_modules/chrome-types": {
      "version": "0.1.353",
      "resolved": "https://registry.npmjs.org/chrome-types/-/chrome-types-0.1.353.tgz",
      "integrity": "sha512-vTIHHIE7SlFrRtb0ccWOeBMeZQIZp+TfV6U547G2Bf92fn4xUfC9h8TC0mrtTfMi6VmcoWIk6S+w1L+RFCXN0Q=="
    }
  }
}
